
Microsoft Visual Studio Solution File, Format Version 12.00
# Visual Studio 15
Project("{2150E333-8FDC-42A3-9474-1A3956D46DE8}") = "0 - Domain", "0 - Domain", "{6941A301-C843-40BC-A7D5-733A6621D663}"
EndProject
Project("{2150E333-8FDC-42A3-9474-1A3956D46DE8}") = "1 - Tests", "1 - Tests", "{DA2A3213-38AF-45AE-ACFA-DA1D70F12995}"
EndProject
Project("{2150E333-8FDC-42A3-9474-1A3956D46DE8}") = "2 - Infra", "2 - Infra", "{F69ACF90-2B59-48C6-8CE4-24CE8BA30F96}"
EndProject
Project("{2150E333-8FDC-42A3-9474-1A3956D46DE8}") = "3 - Application", "3 - Application", "{56D9AF52-3AD4-4D3C-860B-DA2B868C14C8}"
EndProject
Project("{2150E333-8FDC-42A3-9474-1A3956D46DE8}") = "4 - API", "4 - API", "{E74D4DD3-A76A-4931-844F-FE2FA9EB3D2F}"
EndProject
Project("{2150E333-8FDC-42A3-9474-1A3956D46DE8}") = "5 - Presentation", "5 - Presentation", "{F3AF51B0-E56F-4CD3-94DD-F0093FA2F5ED}"
EndProject
Project("{FAE04EC0-301F-11D3-BF4B-00C04F79EFBC}") = "Switch.Domain", "Switch.Domain\Switch.Domain.csproj", "{244207C0-54E7-4577-83DB-79DA875F7291}"
EndProject
Project("{FAE04EC0-301F-11D3-BF4B-00C04F79EFBC}") = "Switch.Domain.Tests", "Switch.Domain.Tests\Switch.Domain.Tests.csproj", "{EA0108B5-FC57-4DEC-AC6D-283EBF8722AE}"
EndProject
Project("{2150E333-8FDC-42A3-9474-1A3956D46DE8}") = "2.2 - Data", "2.2 - Data", "{4302D7D1-F7E6-4564-A48C-AF519FF4BC0D}"
EndProject
Project("{2150E333-8FDC-42A3-9474-1A3956D46DE8}") = "2.1 - CrossCutting", "2.1 - CrossCutting", "{57D41C52-CA41-42C8-A0AA-D91467DA2590}"
EndProject
Project("{FAE04EC0-301F-11D3-BF4B-00C04F79EFBC}") = "Switch.Infra.Data", "Switch.Infra.Data\Switch.Infra.Data.csproj", "{5DB2D752-AAA8-4630-9BB4-E18AC166AC0A}"
EndProject
Project("{FAE04EC0-301F-11D3-BF4B-00C04F79EFBC}") = "Swith.Application", "Swith.Application\Swith.Application.csproj", "{29644965-B1ED-4B9E-9DF8-9E5359E552D0}"
EndProject
Project("{FAE04EC0-301F-11D3-BF4B-00C04F79EFBC}") = "Switch.API", "Switch.API\Switch.API.csproj", "{F0C7B561-46FE-4A59-9860-84EF3E3F4B6F}"
EndProject
Global
	GlobalSection(SolutionConfigurationPlatforms) = preSolution
		Debug|Any CPU = Debug|Any CPU
		Release|Any CPU = Release|Any CPU
	EndGlobalSection
	GlobalSection(ProjectConfigurationPlatforms) = postSolution
		{244207C0-54E7-4577-83DB-79DA875F7291}.Debug|Any CPU.ActiveCfg = Debug|Any CPU
		{244207C0-54E7-4577-83DB-79DA875F7291}.Debug|Any CPU.Build.0 = Debug|Any CPU
		{244207C0-54E7-4577-83DB-79DA875F7291}.Release|Any CPU.ActiveCfg = Release|Any CPU
		{244207C0-54E7-4577-83DB-79DA875F7291}.Release|Any CPU.Build.0 = Release|Any CPU
		{EA0108B5-FC57-4DEC-AC6D-283EBF8722AE}.Debug|Any CPU.ActiveCfg = Debug|Any CPU
		{EA0108B5-FC57-4DEC-AC6D-283EBF8722AE}.Debug|Any CPU.Build.0 = Debug|Any CPU
		{EA0108B5-FC57-4DEC-AC6D-283EBF8722AE}.Release|Any CPU.ActiveCfg = Release|Any CPU
		{EA0108B5-FC57-4DEC-AC6D-283EBF8722AE}.Release|Any CPU.Build.0 = Release|Any CPU
		{5DB2D752-AAA8-4630-9BB4-E18AC166AC0A}.Debug|Any CPU.ActiveCfg = Debug|Any CPU
		{5DB2D752-AAA8-4630-9BB4-E18AC166AC0A}.Debug|Any CPU.Build.0 = Debug|Any CPU
		{5DB2D752-AAA8-4630-9BB4-E18AC166AC0A}.Release|Any CPU.ActiveCfg = Release|Any CPU
		{5DB2D752-AAA8-4630-9BB4-E18AC166AC0A}.Release|Any CPU.Build.0 = Release|Any CPU
		{29644965-B1ED-4B9E-9DF8-9E5359E552D0}.Debug|Any CPU.ActiveCfg = Debug|Any CPU
		{29644965-B1ED-4B9E-9DF8-9E5359E552D0}.Debug|Any CPU.Build.0 = Debug|Any CPU
		{29644965-B1ED-4B9E-9DF8-9E5359E552D0}.Release|Any CPU.ActiveCfg = Release|Any CPU
		{29644965-B1ED-4B9E-9DF8-9E5359E552D0}.Release|Any CPU.Build.0 = Release|Any CPU
		{F0C7B561-46FE-4A59-9860-84EF3E3F4B6F}.Debug|Any CPU.ActiveCfg = Debug|Any CPU
		{F0C7B561-46FE-4A59-9860-84EF3E3F4B6F}.Debug|Any CPU.Build.0 = Debug|Any CPU
		{F0C7B561-46FE-4A59-9860-84EF3E3F4B6F}.Release|Any CPU.ActiveCfg = Release|Any CPU
		{F0C7B561-46FE-4A59-9860-84EF3E3F4B6F}.Release|Any CPU.Build.0 = Release|Any CPU
	EndGlobalSection
	GlobalSection(NestedProjects) = preSolution
		{244207C0-54E7-4577-83DB-79DA875F7291} = {6941A301-C843-40BC-A7D5-733A6621D663}
		{EA0108B5-FC57-4DEC-AC6D-283EBF8722AE} = {DA2A3213-38AF-45AE-ACFA-DA1D70F12995}
		{4302D7D1-F7E6-4564-A48C-AF519FF4BC0D} = {F69ACF90-2B59-48C6-8CE4-24CE8BA30F96}
		{57D41C52-CA41-42C8-A0AA-D91467DA2590} = {F69ACF90-2B59-48C6-8CE4-24CE8BA30F96}
		{5DB2D752-AAA8-4630-9BB4-E18AC166AC0A} = {4302D7D1-F7E6-4564-A48C-AF519FF4BC0D}
		{29644965-B1ED-4B9E-9DF8-9E5359E552D0} = {56D9AF52-3AD4-4D3C-860B-DA2B868C14C8}
		{F0C7B561-46FE-4A59-9860-84EF3E3F4B6F} = {E74D4DD3-A76A-4931-844F-FE2FA9EB3D2F}
	EndGlobalSection
EndGlobal
